// !$*UTF8*$!
{
	archiveVersion = 1;
	classes = {
	};
	objectVersion = 46;
	objects = {

/* Begin PBXBuildFile section */
		33DDE81E199C12190036FF14 /* Foundation.framework in Frameworks */ = {isa = PBXBuildFile; fileRef = 33DDE81D199C12190036FF14 /* Foundation.framework */; };
		33DDE820199C12190036FF14 /* CoreGraphics.framework in Frameworks */ = {isa = PBXBuildFile; fileRef = 33DDE81F199C12190036FF14 /* CoreGraphics.framework */; };
		33DDE822199C12190036FF14 /* UIKit.framework in Frameworks */ = {isa = PBXBuildFile; fileRef = 33DDE821199C12190036FF14 /* UIKit.framework */; };
		33DDE828199C12190036FF14 /* InfoPlist.strings in Resources */ = {isa = PBXBuildFile; fileRef = 33DDE826199C12190036FF14 /* InfoPlist.strings */; };
		33DDE82A199C12190036FF14 /* main.m in Sources */ = {isa = PBXBuildFile; fileRef = 33DDE829199C12190036FF14 /* main.m */; };
		33DDE82E199C12190036FF14 /* TOBAppDelegate.m in Sources */ = {isa = PBXBuildFile; fileRef = 33DDE82D199C12190036FF14 /* TOBAppDelegate.m */; };
		33DDE831199C12190036FF14 /* Main.storyboard in Resources */ = {isa = PBXBuildFile; fileRef = 33DDE82F199C12190036FF14 /* Main.storyboard */; };
		33DDE834199C12190036FF14 /* TOBViewController.m in Sources */ = {isa = PBXBuildFile; fileRef = 33DDE833199C12190036FF14 /* TOBViewController.m */; };
		33DDE836199C12190036FF14 /* Images.xcassets in Resources */ = {isa = PBXBuildFile; fileRef = 33DDE835199C12190036FF14 /* Images.xcassets */; };
		33DDE83D199C12190036FF14 /* XCTest.framework in Frameworks */ = {isa = PBXBuildFile; fileRef = 33DDE83C199C12190036FF14 /* XCTest.framework */; };
		33DDE83E199C12190036FF14 /* Foundation.framework in Frameworks */ = {isa = PBXBuildFile; fileRef = 33DDE81D199C12190036FF14 /* Foundation.framework */; };
		33DDE83F199C12190036FF14 /* UIKit.framework in Frameworks */ = {isa = PBXBuildFile; fileRef = 33DDE821199C12190036FF14 /* UIKit.framework */; };
		33DDE847199C12190036FF14 /* InfoPlist.strings in Resources */ = {isa = PBXBuildFile; fileRef = 33DDE845199C12190036FF14 /* InfoPlist.strings */; };
		33DDE849199C12190036FF14 /* HomeGrownAnimatedGraphTests.m in Sources */ = {isa = PBXBuildFile; fileRef = 33DDE848199C12190036FF14 /* HomeGrownAnimatedGraphTests.m */; };
		33DDE85C199C12DB0036FF14 /* TOBGraphView.m in Sources */ = {isa = PBXBuildFile; fileRef = 33DDE853199C12DB0036FF14 /* TOBGraphView.m */; };
		33DDE85D199C12DB0036FF14 /* TOBGraphViewController.m in Sources */ = {isa = PBXBuildFile; fileRef = 33DDE855199C12DB0036FF14 /* TOBGraphViewController.m */; };
		33DDE85E199C12DB0036FF14 /* TOBHRDataGenerator.m in Sources */ = {isa = PBXBuildFile; fileRef = 33DDE857199C12DB0036FF14 /* TOBHRDataGenerator.m */; };
		33DDE85F199C12DB0036FF14 /* TOBHRDataPoint.m in Sources */ = {isa = PBXBuildFile; fileRef = 33DDE859199C12DB0036FF14 /* TOBHRDataPoint.m */; };
		33DDE860199C12DB0036FF14 /* TOBHRDataStore.m in Sources */ = {isa = PBXBuildFile; fileRef = 33DDE85B199C12DB0036FF14 /* TOBHRDataStore.m */; };
/* End PBXBuildFile section */

/* Begin PBXContainerItemProxy section */
		33DDE840199C12190036FF14 /* PBXContainerItemProxy */ = {
			isa = PBXContainerItemProxy;
			containerPortal = 33DDE812199C12190036FF14 /* Project object */;
			proxyType = 1;
			remoteGlobalIDString = 33DDE819199C12190036FF14;
			remoteInfo = HomeGrownAnimatedGraph;
		};
/* End PBXContainerItemProxy section */

/* Begin PBXFileReference section */
		33DDE81A199C12190036FF14 /* HomeGrownAnimatedGraph.app */ = {isa = PBXFileReference; explicitFileType = wrapper.application; includeInIndex = 0; path = HomeGrownAnimatedGraph.app; sourceTree = BUILT_PRODUCTS_DIR; };
		33DDE81D199C12190036FF14 /* Foundation.framework */ = {isa = PBXFileReference; lastKnownFileType = wrapper.framework; name = Foundation.framework; path = System/Library/Frameworks/Foundation.framework; sourceTree = SDKROOT; };
		33DDE81F199C12190036FF14 /* CoreGraphics.framework */ = {isa = PBXFileReference; lastKnownFileType = wrapper.framework; name = CoreGraphics.framework; path = System/Library/Frameworks/CoreGraphics.framework; sourceTree = SDKROOT; };
		33DDE821199C12190036FF14 /* UIKit.framework */ = {isa = PBXFileReference; lastKnownFileType = wrapper.framework; name = UIKit.framework; path = System/Library/Frameworks/UIKit.framework; sourceTree = SDKROOT; };
		33DDE825199C12190036FF14 /* HomeGrownAnimatedGraph-Info.plist */ = {isa = PBXFileReference; lastKnownFileType = text.plist.xml; path = "HomeGrownAnimatedGraph-Info.plist"; sourceTree = "<group>"; };
		33DDE827199C12190036FF14 /* en */ = {isa = PBXFileReference; lastKnownFileType = text.plist.strings; name = en; path = en.lproj/InfoPlist.strings; sourceTree = "<group>"; };
		33DDE829199C12190036FF14 /* main.m */ = {isa = PBXFileReference; lastKnownFileType = sourcecode.c.objc; path = main.m; sourceTree = "<group>"; };
		33DDE82B199C12190036FF14 /* HomeGrownAnimatedGraph-Prefix.pch */ = {isa = PBXFileReference; lastKnownFileType = sourcecode.c.h; path = "HomeGrownAnimatedGraph-Prefix.pch"; sourceTree = "<group>"; };
		33DDE82C199C12190036FF14 /* TOBAppDelegate.h */ = {isa = PBXFileReference; lastKnownFileType = sourcecode.c.h; path = TOBAppDelegate.h; sourceTree = "<group>"; };
		33DDE82D199C12190036FF14 /* TOBAppDelegate.m */ = {isa = PBXFileReference; lastKnownFileType = sourcecode.c.objc; path = TOBAppDelegate.m; sourceTree = "<group>"; };
		33DDE830199C12190036FF14 /* Base */ = {isa = PBXFileReference; lastKnownFileType = file.storyboard; name = Base; path = Base.lproj/Main.storyboard; sourceTree = "<group>"; };
		33DDE832199C12190036FF14 /* TOBViewController.h */ = {isa = PBXFileReference; lastKnownFileType = sourcecode.c.h; path = TOBViewController.h; sourceTree = "<group>"; };
		33DDE833199C12190036FF14 /* TOBViewController.m */ = {isa = PBXFileReference; lastKnownFileType = sourcecode.c.objc; path = TOBViewController.m; sourceTree = "<group>"; };
		33DDE835199C12190036FF14 /* Images.xcassets */ = {isa = PBXFileReference; lastKnownFileType = folder.assetcatalog; path = Images.xcassets; sourceTree = "<group>"; };
		33DDE83B199C12190036FF14 /* HomeGrownAnimatedGraphTests.xctest */ = {isa = PBXFileReference; explicitFileType = wrapper.cfbundle; includeInIndex = 0; path = HomeGrownAnimatedGraphTests.xctest; sourceTree = BUILT_PRODUCTS_DIR; };
		33DDE83C199C12190036FF14 /* XCTest.framework */ = {isa = PBXFileReference; lastKnownFileType = wrapper.framework; name = XCTest.framework; path = Library/Frameworks/XCTest.framework; sourceTree = DEVELOPER_DIR; };
		33DDE844199C12190036FF14 /* HomeGrownAnimatedGraphTests-Info.plist */ = {isa = PBXFileReference; lastKnownFileType = text.plist.xml; path = "HomeGrownAnimatedGraphTests-Info.plist"; sourceTree = "<group>"; };
		33DDE846199C12190036FF14 /* en */ = {isa = PBXFileReference; lastKnownFileType = text.plist.strings; name = en; path = en.lproj/InfoPlist.strings; sourceTree = "<group>"; };
		33DDE848199C12190036FF14 /* HomeGrownAnimatedGraphTests.m */ = {isa = PBXFileReference; lastKnownFileType = sourcecode.c.objc; path = HomeGrownAnimatedGraphTests.m; sourceTree = "<group>"; };
		33DDE852199C12DB0036FF14 /* TOBGraphView.h */ = {isa = PBXFileReference; fileEncoding = 4; lastKnownFileType = sourcecode.c.h; path = TOBGraphView.h; sourceTree = "<group>"; };
		33DDE853199C12DB0036FF14 /* TOBGraphView.m */ = {isa = PBXFileReference; fileEncoding = 4; lastKnownFileType = sourcecode.c.objc; path = TOBGraphView.m; sourceTree = "<group>"; };
		33DDE854199C12DB0036FF14 /* TOBGraphViewController.h */ = {isa = PBXFileReference; fileEncoding = 4; lastKnownFileType = sourcecode.c.h; path = TOBGraphViewController.h; sourceTree = "<group>"; };
		33DDE855199C12DB0036FF14 /* TOBGraphViewController.m */ = {isa = PBXFileReference; fileEncoding = 4; lastKnownFileType = sourcecode.c.objc; path = TOBGraphViewController.m; sourceTree = "<group>"; };
		33DDE856199C12DB0036FF14 /* TOBHRDataGenerator.h */ = {isa = PBXFileReference; fileEncoding = 4; lastKnownFileType = sourcecode.c.h; path = TOBHRDataGenerator.h; sourceTree = "<group>"; };
		33DDE857199C12DB0036FF14 /* TOBHRDataGenerator.m */ = {isa = PBXFileReference; fileEncoding = 4; lastKnownFileType = sourcecode.c.objc; path = TOBHRDataGenerator.m; sourceTree = "<group>"; };
		33DDE858199C12DB0036FF14 /* TOBHRDataPoint.h */ = {isa = PBXFileReference; fileEncoding = 4; lastKnownFileType = sourcecode.c.h; path = TOBHRDataPoint.h; sourceTree = "<group>"; };
		33DDE859199C12DB0036FF14 /* TOBHRDataPoint.m */ = {isa = PBXFileReference; fileEncoding = 4; lastKnownFileType = sourcecode.c.objc; path = TOBHRDataPoint.m; sourceTree = "<group>"; };
		33DDE85A199C12DB0036FF14 /* TOBHRDataStore.h */ = {isa = PBXFileReference; fileEncoding = 4; lastKnownFileType = sourcecode.c.h; path = TOBHRDataStore.h; sourceTree = "<group>"; };
		33DDE85B199C12DB0036FF14 /* TOBHRDataStore.m */ = {isa = PBXFileReference; fileEncoding = 4; lastKnownFileType = sourcecode.c.objc; path = TOBHRDataStore.m; sourceTree = "<group>"; };
/* End PBXFileReference section */

/* Begin PBXFrameworksBuildPhase section */
		33DDE817199C12190036FF14 /* Frameworks */ = {
			isa = PBXFrameworksBuildPhase;
			buildActionMask = 2147483647;
			files = (
				33DDE820199C12190036FF14 /* CoreGraphics.framework in Frameworks */,
				33DDE822199C12190036FF14 /* UIKit.framework in Frameworks */,
				33DDE81E199C12190036FF14 /* Foundation.framework in Frameworks */,
			);
			runOnlyForDeploymentPostprocessing = 0;
		};
		33DDE838199C12190036FF14 /* Frameworks */ = {
			isa = PBXFrameworksBuildPhase;
			buildActionMask = 2147483647;
			files = (
				33DDE83D199C12190036FF14 /* XCTest.framework in Frameworks */,
				33DDE83F199C12190036FF14 /* UIKit.framework in Frameworks */,
				33DDE83E199C12190036FF14 /* Foundation.framework in Frameworks */,
			);
			runOnlyForDeploymentPostprocessing = 0;
		};
/* End PBXFrameworksBuildPhase section */

/* Begin PBXGroup section */
		33DDE811199C12190036FF14 = {
			isa = PBXGroup;
			children = (
				33DDE823199C12190036FF14 /* HomeGrownAnimatedGraph */,
				33DDE842199C12190036FF14 /* HomeGrownAnimatedGraphTests */,
				33DDE81C199C12190036FF14 /* Frameworks */,
				33DDE81B199C12190036FF14 /* Products */,
			);
			sourceTree = "<group>";
		};
		33DDE81B199C12190036FF14 /* Products */ = {
			isa = PBXGroup;
			children = (
				33DDE81A199C12190036FF14 /* HomeGrownAnimatedGraph.app */,
				33DDE83B199C12190036FF14 /* HomeGrownAnimatedGraphTests.xctest */,
			);
			name = Products;
			sourceTree = "<group>";
		};
		33DDE81C199C12190036FF14 /* Frameworks */ = {
			isa = PBXGroup;
			children = (
				33DDE81D199C12190036FF14 /* Foundation.framework */,
				33DDE81F199C12190036FF14 /* CoreGraphics.framework */,
				33DDE821199C12190036FF14 /* UIKit.framework */,
				33DDE83C199C12190036FF14 /* XCTest.framework */,
			);
			name = Frameworks;
			sourceTree = "<group>";
		};
		33DDE823199C12190036FF14 /* HomeGrownAnimatedGraph */ = {
			isa = PBXGroup;
			children = (
				33DDE82C199C12190036FF14 /* TOBAppDelegate.h */,
				33DDE82D199C12190036FF14 /* TOBAppDelegate.m */,
				33DDE852199C12DB0036FF14 /* TOBGraphView.h */,
				33DDE853199C12DB0036FF14 /* TOBGraphView.m */,
				33DDE854199C12DB0036FF14 /* TOBGraphViewController.h */,
				33DDE855199C12DB0036FF14 /* TOBGraphViewController.m */,
				33DDE82F199C12190036FF14 /* Main.storyboard */,
				33DDE856199C12DB0036FF14 /* TOBHRDataGenerator.h */,
				33DDE857199C12DB0036FF14 /* TOBHRDataGenerator.m */,
				33DDE858199C12DB0036FF14 /* TOBHRDataPoint.h */,
				33DDE859199C12DB0036FF14 /* TOBHRDataPoint.m */,
				33DDE85A199C12DB0036FF14 /* TOBHRDataStore.h */,
				33DDE85B199C12DB0036FF14 /* TOBHRDataStore.m */,
				33DDE832199C12190036FF14 /* TOBViewController.h */,
				33DDE833199C12190036FF14 /* TOBViewController.m */,
				33DDE835199C12190036FF14 /* Images.xcassets */,
				33DDE824199C12190036FF14 /* Supporting Files */,
			);
			path = HomeGrownAnimatedGraph;
			sourceTree = "<group>";
		};
		33DDE824199C12190036FF14 /* Supporting Files */ = {
			isa = PBXGroup;
			children = (
				33DDE825199C12190036FF14 /* HomeGrownAnimatedGraph-Info.plist */,
				33DDE826199C12190036FF14 /* InfoPlist.strings */,
				33DDE829199C12190036FF14 /* main.m */,
				33DDE82B199C12190036FF14 /* HomeGrownAnimatedGraph-Prefix.pch */,
			);
			name = "Supporting Files";
			sourceTree = "<group>";
		};
		33DDE842199C12190036FF14 /* HomeGrownAnimatedGraphTests */ = {
			isa = PBXGroup;
			children = (
				33DDE848199C12190036FF14 /* HomeGrownAnimatedGraphTests.m */,
				33DDE843199C12190036FF14 /* Supporting Files */,
			);
			path = HomeGrownAnimatedGraphTests;
			sourceTree = "<group>";
		};
		33DDE843199C12190036FF14 /* Supporting Files */ = {
			isa = PBXGroup;
			children = (
				33DDE844199C12190036FF14 /* HomeGrownAnimatedGraphTests-Info.plist */,
				33DDE845199C12190036FF14 /* InfoPlist.strings */,
			);
			name = "Supporting Files";
			sourceTree = "<group>";
		};
/* End PBXGroup section */

/* Begin PBXNativeTarget section */
		33DDE819199C12190036FF14 /* HomeGrownAnimatedGraph */ = {
			isa = PBXNativeTarget;
			buildConfigurationList = 33DDE84C199C12190036FF14 /* Build configuration list for PBXNativeTarget "HomeGrownAnimatedGraph" */;
			buildPhases = (
				33DDE816199C12190036FF14 /* Sources */,
				33DDE817199C12190036FF14 /* Frameworks */,
				33DDE818199C12190036FF14 /* Resources */,
			);
			buildRules = (
			);
			dependencies = (
			);
			name = HomeGrownAnimatedGraph;
			productName = HomeGrownAnimatedGraph;
			productReference = 33DDE81A199C12190036FF14 /* HomeGrownAnimatedGraph.app */;
			productType = "com.apple.product-type.application";
		};
		33DDE83A199C12190036FF14 /* HomeGrownAnimatedGraphTests */ = {
			isa = PBXNativeTarget;
			buildConfigurationList = 33DDE84F199C12190036FF14 /* Build configuration list for PBXNativeTarget "HomeGrownAnimatedGraphTests" */;
			buildPhases = (
				33DDE837199C12190036FF14 /* Sources */,
				33DDE838199C12190036FF14 /* Frameworks */,
				33DDE839199C12190036FF14 /* Resources */,
			);
			buildRules = (
			);
			dependencies = (
				33DDE841199C12190036FF14 /* PBXTargetDependency */,
			);
			name = HomeGrownAnimatedGraphTests;
			productName = HomeGrownAnimatedGraphTests;
			productReference = 33DDE83B199C12190036FF14 /* HomeGrownAnimatedGraphTests.xctest */;
			productType = "com.apple.product-type.bundle.unit-test";
		};
/* End PBXNativeTarget section */

/* Begin PBXProject section */
		33DDE812199C12190036FF14 /* Project object */ = {
			isa = PBXProject;
			attributes = {
				CLASSPREFIX = TOB;
				LastUpgradeCheck = 0510;
				ORGANIZATIONNAME = "Toby Booth";
				TargetAttributes = {
					33DDE83A199C12190036FF14 = {
						TestTargetID = 33DDE819199C12190036FF14;
					};
				};
			};
			buildConfigurationList = 33DDE815199C12190036FF14 /* Build configuration list for PBXProject "HomeGrownAnimatedGraph" */;
			compatibilityVersion = "Xcode 3.2";
			developmentRegion = English;
			hasScannedForEncodings = 0;
			knownRegions = (
				en,
				Base,
			);
			mainGroup = 33DDE811199C12190036FF14;
			productRefGroup = 33DDE81B199C12190036FF14 /* Products */;
			projectDirPath = "";
			projectRoot = "";
			targets = (
				33DDE819199C12190036FF14 /* HomeGrownAnimatedGraph */,
				33DDE83A199C12190036FF14 /* HomeGrownAnimatedGraphTests */,
			);
		};
/* End PBXProject section */

/* Begin PBXResourcesBuildPhase section */
		33DDE818199C12190036FF14 /* Resources */ = {
			isa = PBXResourcesBuildPhase;
			buildActionMask = 2147483647;
			files = (
				33DDE836199C12190036FF14 /* Images.xcassets in Resources */,
				33DDE828199C12190036FF14 /* InfoPlist.strings in Resources */,
				33DDE831199C12190036FF14 /* Main.storyboard in Resources */,
			);
			runOnlyForDeploymentPostprocessing = 0;
		};
		33DDE839199C12190036FF14 /* Resources */ = {
			isa = PBXResourcesBuildPhase;
			buildActionMask = 2147483647;
			files = (
				33DDE847199C12190036FF14 /* InfoPlist.strings in Resources */,
			);
			runOnlyForDeploymentPostprocessing = 0;
		};
/* End PBXResourcesBuildPhase section */

/* Begin PBXSourcesBuildPhase section */
		33DDE816199C12190036FF14 /* Sources */ = {
			isa = PBXSourcesBuildPhase;
			buildActionMask = 2147483647;
			files = (
				33DDE834199C12190036FF14 /* TOBViewController.m in Sources */,
				33DDE860199C12DB0036FF14 /* TOBHRDataStore.m in Sources */,
				33DDE82E199C12190036FF14 /* TOBAppDelegate.m in Sources */,
				33DDE82A199C12190036FF14 /* main.m in Sources */,
				33DDE85C199C12DB0036FF14 /* TOBGraphView.m in Sources */,
				33DDE85F199C12DB0036FF14 /* TOBHRDataPoint.m in Sources */,
				33DDE85D199C12DB0036FF14 /* TOBGraphViewController.m in Sources */,
				33DDE85E199C12DB0036FF14 /* TOBHRDataGenerator.m in Sources */,
			);
			runOnlyForDeploymentPostprocessing = 0;
		};
		33DDE837199C12190036FF14 /* Sources */ = {
			isa = PBXSourcesBuildPhase;
			buildActionMask = 2147483647;
			files = (
				33DDE849199C12190036FF14 /* HomeGrownAnimatedGraphTests.m in Sources */,
			);
			runOnlyForDeploymentPostprocessing = 0;
		};
/* End PBXSourcesBuildPhase section */

/* Begin PBXTargetDependency section */
		33DDE841199C12190036FF14 /* PBXTargetDependency */ = {
			isa = PBXTargetDependency;
			target = 33DDE819199C12190036FF14 /* HomeGrownAnimatedGraph */;
			targetProxy = 33DDE840199C12190036FF14 /* PBXContainerItemProxy */;
		};
/* End PBXTargetDependency section */

/* Begin PBXVariantGroup section */
		33DDE826199C12190036FF14 /* InfoPlist.strings */ = {
			isa = PBXVariantGroup;
			children = (
				33DDE827199C12190036FF14 /* en */,
			);
			name = InfoPlist.strings;
			sourceTree = "<group>";
		};
		33DDE82F199C12190036FF14 /* Main.storyboard */ = {
			isa = PBXVariantGroup;
			children = (
				33DDE830199C12190036FF14 /* Base */,
			);
			name = Main.storyboard;
			sourceTree = "<group>";
		};
		33DDE845199C12190036FF14 /* InfoPlist.strings */ = {
			isa = PBXVariantGroup;
			children = (
				33DDE846199C12190036FF14 /* en */,
			);
			name = InfoPlist.strings;
			sourceTree = "<group>";
		};
/* End PBXVariantGroup section */

/* Begin XCBuildConfiguration section */
		33DDE84A199C12190036FF14 /* Debug */ = {
			isa = XCBuildConfiguration;
			buildSettings = {
				ALWAYS_SEARCH_USER_PATHS = NO;
				CLANG_CXX_LANGUAGE_STANDARD = "gnu++0x";
				CLANG_CXX_LIBRARY = "libc++";
				CLANG_ENABLE_MODULES = YES;
				CLANG_ENABLE_OBJC_ARC = YES;
				CLANG_WARN_BOOL_CONVERSION = YES;
				CLANG_WARN_CONSTANT_CONVERSION = YES;
				CLANG_WARN_DIRECT_OBJC_ISA_USAGE = YES_ERROR;
				CLANG_WARN_EMPTY_BODY = YES;
				CLANG_WARN_ENUM_CONVERSION = YES;
				CLANG_WARN_INT_CONVERSION = YES;
				CLANG_WARN_OBJC_ROOT_CLASS = YES_ERROR;
				CLANG_WARN__DUPLICATE_METHOD_MATCH = YES;
				"CODE_SIGN_IDENTITY[sdk=iphoneos*]" = "iPhone Developer";
				COPY_PHASE_STRIP = NO;
				GCC_C_LANGUAGE_STANDARD = gnu99;
				GCC_DYNAMIC_NO_PIC = NO;
				GCC_OPTIMIZATION_LEVEL = 0;
				GCC_PREPROCESSOR_DEFINITIONS = (
					"DEBUG=1",
					"$(inherited)",
				);
				GCC_SYMBOLS_PRIVATE_EXTERN = NO;
				GCC_WARN_64_TO_32_BIT_CONVERSION = YES;
				GCC_WARN_ABOUT_RETURN_TYPE = YES_ERROR;
				GCC_WARN_UNDECLARED_SELECTOR = YES;
				GCC_WARN_UNINITIALIZED_AUTOS = YES_AGGRESSIVE;
				GCC_WARN_UNUSED_FUNCTION = YES;
				GCC_WARN_UNUSED_VARIABLE = YES;
				IPHONEOS_DEPLOYMENT_TARGET = 7.1;
				ONLY_ACTIVE_ARCH = YES;
				SDKROOT = iphoneos;
			};
			name = Debug;
		};
		33DDE84B199C12190036FF14 /* Release */ = {
			isa = XCBuildConfiguration;
			buildSettings = {
				ALWAYS_SEARCH_USER_PATHS = NO;
				CLANG_CXX_LANGUAGE_STANDARD = "gnu++0x";
				CLANG_CXX_LIBRARY = "libc++";
				CLANG_ENABLE_MODULES = YES;
				CLANG_ENABLE_OBJC_ARC = YES;
				CLANG_WARN_BOOL_CONVERSION = YES;
				CLANG_WARN_CONSTANT_CONVERSION = YES;
				CLANG_WARN_DIRECT_OBJC_ISA_USAGE = YES_ERROR;
				CLANG_WARN_EMPTY_BODY = YES;
				CLANG_WARN_ENUM_CONVERSION = YES;
				CLANG_WARN_INT_CONVERSION = YES;
				CLANG_WARN_OBJC_ROOT_CLASS = YES_ERROR;
				CLANG_WARN__DUPLICATE_METHOD_MATCH = YES;
				"CODE_SIGN_IDENTITY[sdk=iphoneos*]" = "iPhone Developer";
				COPY_PHASE_STRIP = YES;
				ENABLE_NS_ASSERTIONS = NO;
				GCC_C_LANGUAGE_STANDARD = gnu99;
				GCC_WARN_64_TO_32_BIT_CONVERSION = YES;
				GCC_WARN_ABOUT_RETURN_TYPE = YES_ERROR;
				GCC_WARN_UNDECLARED_SELECTOR = YES;
				GCC_WARN_UNINITIALIZED_AUTOS = YES_AGGRESSIVE;
				GCC_WARN_UNUSED_FUNCTION = YES;
				GCC_WARN_UNUSED_VARIABLE = YES;
				IPHONEOS_DEPLOYMENT_TARGET = 7.1;
				SDKROOT = iphoneos;
				VALIDATE_PRODUCT = YES;
			};
			name = Release;
		};
		33DDE84D199C12190036FF14 /* Debug */ = {
			isa = XCBuildConfiguration;
			buildSettings = {
				ASSETCATALOG_COMPILER_APPICON_NAME = AppIcon;
				ASSETCATALOG_COMPILER_LAUNCHIMAGE_NAME = LaunchImage;
				GCC_PRECOMPILE_PREFIX_HEADER = YES;
				GCC_PREFIX_HEADER = "HomeGrownAnimatedGraph/HomeGrownAnimatedGraph-Prefix.pch";
				INFOPLIST_FILE = "HomeGrownAnimatedGraph/HomeGrownAnimatedGraph-Info.plist";
				PRODUCT_NAME = "$(TARGET_NAME)";
				WRAPPER_EXTENSION = app;
			};
			name = Debug;
		};
		33DDE84E199C12190036FF14 /* Release */ = {
			isa = XCBuildConfiguration;
			buildSettings = {
				ASSETCATALOG_COMPILER_APPICON_NAME = AppIcon;
				ASSETCATALOG_COMPILER_LAUNCHIMAGE_NAME = LaunchImage;
				GCC_PRECOMPILE_PREFIX_HEADER = YES;
				GCC_PREFIX_HEADER = "HomeGrownAnimatedGraph/HomeGrownAnimatedGraph-Prefix.pch";
				INFOPLIST_FILE = "HomeGrownAnimatedGraph/HomeGrownAnimatedGraph-Info.plist";
				PRODUCT_NAME = "$(TARGET_NAME)";
				WRAPPER_EXTENSION = app;
			};
			name = Release;
		};
		33DDE850199C12190036FF14 /* Debug */ = {
			isa = XCBuildConfiguration;
			buildSettings = {
				BUNDLE_LOADER = "$(BUILT_PRODUCTS_DIR)/HomeGrownAnimatedGraph.app/HomeGrownAnimatedGraph";
				FRAMEWORK_SEARCH_PATHS = (
					"$(SDKROOT)/Developer/Library/Frameworks",
					"$(inherited)",
					"$(DEVELOPER_FRAMEWORKS_DIR)",
				);
				GCC_PRECOMPILE_PREFIX_HEADER = YES;
				GCC_PREFIX_HEADER = "HomeGrownAnimatedGraph/HomeGrownAnimatedGraph-Prefix.pch";
				GCC_PREPROCESSOR_DEFINITIONS = (
					"DEBUG=1",
					"$(inherited)",
				);
				INFOPLIST_FILE = "HomeGrownAnimatedGraphTests/HomeGrownAnimatedGraphTests-Info.plist";
				PRODUCT_NAME = "$(TARGET_NAME)";
				TEST_HOST = "$(BUNDLE_LOADER)";
				WRAPPER_EXTENSION = xctest;
			};
			name = Debug;
		};
		33DDE851199C12190036FF14 /* Release */ = {
			isa = XCBuildConfiguration;
			buildSettings = {
				BUNDLE_LOADER = "$(BUILT_PRODUCTS_DIR)/HomeGrownAnimatedGraph.app/HomeGrownAnimatedGraph";
				FRAMEWORK_SEARCH_PATHS = (
					"$(SDKROOT)/Developer/Library/Frameworks",
					"$(inherited)",
					"$(DEVELOPER_FRAMEWORKS_DIR)",
				);
				GCC_PRECOMPILE_PREFIX_HEADER = YES;
				GCC_PREFIX_HEADER = "HomeGrownAnimatedGraph/HomeGrownAnimatedGraph-Prefix.pch";
				INFOPLIST_FILE = "HomeGrownAnimatedGraphTests/HomeGrownAnimatedGraphTests-Info.plist";
				PRODUCT_NAME = "$(TARGET_NAME)";
				TEST_HOST = "$(BUNDLE_LOADER)";
				WRAPPER_EXTENSION = xctest;
			};
			name = Release;
		};
/* End XCBuildConfiguration section */

/* Begin XCConfigurationList section */
		33DDE815199C12190036FF14 /* Build configuration list for PBXProject "HomeGrownAnimatedGraph" */ = {
			isa = XCConfigurationList;
			buildConfigurations = (
				33DDE84A199C12190036FF14 /* Debug */,
				33DDE84B199C12190036FF14 /* Release */,
			);
			defaultConfigurationIsVisible = 0;
			defaultConfigurationName = Release;
		};
		33DDE84C199C12190036FF14 /* Build configuration list for PBXNativeTarget "HomeGrownAnimatedGraph" */ = {
			isa = XCConfigurationList;
			buildConfigurations = (
				33DDE84D199C12190036FF14 /* Debug */,
				33DDE84E199C12190036FF14 /* Release */,
			);
			defaultConfigurationIsVisible = 0;
		};
		33DDE84F199C12190036FF14 /* Build configuration list for PBXNativeTarget "HomeGrownAnimatedGraphTests" */ = {
			isa = XCConfigurationList;
			buildConfigurations = (
				33DDE850199C12190036FF14 /* Debug */,
				33DDE851199C12190036FF14 /* Release */,
			);
			defaultConfigurationIsVisible = 0;
		};
/* End XCConfigurationList section */
	};
	rootObject = 33DDE812199C12190036FF14 /* Project object */;
}
